// !$*UTF8*$!
{
	archiveVersion = 1;
	classes = {
	};
	objectVersion = 56;
	objects = {

/* Begin PBXBuildFile section */
		1F169CE82AD0B678005F1DCA /* ContentView.swift in Sources */ = {isa = PBXBuildFile; fileRef = 1F169CE72AD0B678005F1DCA /* ContentView.swift */; };
		1F169CEA2AD0B85B005F1DCA /* HTTPBinPOSTView.swift in Sources */ = {isa = PBXBuildFile; fileRef = 1F169CE92AD0B85B005F1DCA /* HTTPBinPOSTView.swift */; };
		1F169CEC2AD0B93E005F1DCA /* HTTPBinPOSTViewModel.swift in Sources */ = {isa = PBXBuildFile; fileRef = 1F169CEB2AD0B93E005F1DCA /* HTTPBinPOSTViewModel.swift */; };
		1FCCF6822AD08DAF001550A6 /* ExampleApp.swift in Sources */ = {isa = PBXBuildFile; fileRef = 1FCCF6812AD08DAF001550A6 /* ExampleApp.swift */; };
		1FCCF6842AD08DAF001550A6 /* GitHubOrganizationsView.swift in Sources */ = {isa = PBXBuildFile; fileRef = 1FCCF6832AD08DAF001550A6 /* GitHubOrganizationsView.swift */; };
		1FCCF6862AD08DB0001550A6 /* Assets.xcassets in Resources */ = {isa = PBXBuildFile; fileRef = 1FCCF6852AD08DB0001550A6 /* Assets.xcassets */; };
		1FCCF6892AD08DB0001550A6 /* Preview Assets.xcassets in Resources */ = {isa = PBXBuildFile; fileRef = 1FCCF6882AD08DB0001550A6 /* Preview Assets.xcassets */; };
		1FCCF6942AD08EEB001550A6 /* SwiftAPIGate in Frameworks */ = {isa = PBXBuildFile; productRef = 1FCCF6932AD08EEB001550A6 /* SwiftAPIGate */; };
		1FCCF6962AD08EF6001550A6 /* GitHubOrganizationsViewModel.swift in Sources */ = {isa = PBXBuildFile; fileRef = 1FCCF6952AD08EF6001550A6 /* GitHubOrganizationsViewModel.swift */; };
		1FCCF6982AD08F17001550A6 /* Organization.swift in Sources */ = {isa = PBXBuildFile; fileRef = 1FCCF6972AD08F17001550A6 /* Organization.swift */; };
		1FCCF69A2AD08F2C001550A6 /* ExampleTargetMiddleware.swift in Sources */ = {isa = PBXBuildFile; fileRef = 1FCCF6992AD08F2C001550A6 /* ExampleTargetMiddleware.swift */; };
		1FCCF69C2AD08F47001550A6 /* FetchMode.swift in Sources */ = {isa = PBXBuildFile; fileRef = 1FCCF69B2AD08F47001550A6 /* FetchMode.swift */; };
		1FCCF6A02AD090AF001550A6 /* ExampleTarget.swift in Sources */ = {isa = PBXBuildFile; fileRef = 1FCCF69F2AD090AF001550A6 /* ExampleTarget.swift */; };
/* End PBXBuildFile section */

/* Begin PBXFileReference section */
		1F169CE72AD0B678005F1DCA /* ContentView.swift */ = {isa = PBXFileReference; lastKnownFileType = sourcecode.swift; path = ContentView.swift; sourceTree = "<group>"; };
		1F169CE92AD0B85B005F1DCA /* HTTPBinPOSTView.swift */ = {isa = PBXFileReference; fileEncoding = 4; lastKnownFileType = sourcecode.swift; path = HTTPBinPOSTView.swift; sourceTree = "<group>"; };
		1F169CEB2AD0B93E005F1DCA /* HTTPBinPOSTViewModel.swift */ = {isa = PBXFileReference; fileEncoding = 4; lastKnownFileType = sourcecode.swift; path = HTTPBinPOSTViewModel.swift; sourceTree = "<group>"; };
		1FCCF67E2AD08DAF001550A6 /* Example.app */ = {isa = PBXFileReference; explicitFileType = wrapper.application; includeInIndex = 0; path = Example.app; sourceTree = BUILT_PRODUCTS_DIR; };
		1FCCF6812AD08DAF001550A6 /* ExampleApp.swift */ = {isa = PBXFileReference; lastKnownFileType = sourcecode.swift; path = ExampleApp.swift; sourceTree = "<group>"; };
		1FCCF6832AD08DAF001550A6 /* GitHubOrganizationsView.swift */ = {isa = PBXFileReference; lastKnownFileType = sourcecode.swift; path = GitHubOrganizationsView.swift; sourceTree = "<group>"; };
		1FCCF6852AD08DB0001550A6 /* Assets.xcassets */ = {isa = PBXFileReference; lastKnownFileType = folder.assetcatalog; path = Assets.xcassets; sourceTree = "<group>"; };
		1FCCF6882AD08DB0001550A6 /* Preview Assets.xcassets */ = {isa = PBXFileReference; lastKnownFileType = folder.assetcatalog; path = "Preview Assets.xcassets"; sourceTree = "<group>"; };
		1FCCF68F2AD08E91001550A6 /* SwiftAPIGate */ = {isa = PBXFileReference; lastKnownFileType = wrapper; name = SwiftAPIGate; path = ..; sourceTree = "<group>"; };
		1FCCF6952AD08EF6001550A6 /* GitHubOrganizationsViewModel.swift */ = {isa = PBXFileReference; lastKnownFileType = sourcecode.swift; path = GitHubOrganizationsViewModel.swift; sourceTree = "<group>"; };
		1FCCF6972AD08F17001550A6 /* Organization.swift */ = {isa = PBXFileReference; lastKnownFileType = sourcecode.swift; path = Organization.swift; sourceTree = "<group>"; };
		1FCCF6992AD08F2C001550A6 /* ExampleTargetMiddleware.swift */ = {isa = PBXFileReference; lastKnownFileType = sourcecode.swift; path = ExampleTargetMiddleware.swift; sourceTree = "<group>"; };
		1FCCF69B2AD08F47001550A6 /* FetchMode.swift */ = {isa = PBXFileReference; lastKnownFileType = sourcecode.swift; path = FetchMode.swift; sourceTree = "<group>"; };
		1FCCF69F2AD090AF001550A6 /* ExampleTarget.swift */ = {isa = PBXFileReference; fileEncoding = 4; lastKnownFileType = sourcecode.swift; path = ExampleTarget.swift; sourceTree = "<group>"; };
/* End PBXFileReference section */

/* Begin PBXFrameworksBuildPhase section */
		1FCCF67B2AD08DAF001550A6 /* Frameworks */ = {
			isa = PBXFrameworksBuildPhase;
			buildActionMask = 2147483647;
			files = (
				1FCCF6942AD08EEB001550A6 /* SwiftAPIGate in Frameworks */,
			);
			runOnlyForDeploymentPostprocessing = 0;
		};
/* End PBXFrameworksBuildPhase section */

/* Begin PBXGroup section */
		1FCCF6752AD08DAF001550A6 = {
			isa = PBXGroup;
			children = (
				1FCCF6802AD08DAF001550A6 /* Example */,
				1FCCF6922AD08EEB001550A6 /* Frameworks */,
				1FCCF67F2AD08DAF001550A6 /* Products */,
				1FCCF68F2AD08E91001550A6 /* SwiftAPIGate */,
			);
			sourceTree = "<group>";
		};
		1FCCF67F2AD08DAF001550A6 /* Products */ = {
			isa = PBXGroup;
			children = (
				1FCCF67E2AD08DAF001550A6 /* Example.app */,
			);
			name = Products;
			sourceTree = "<group>";
		};
		1FCCF6802AD08DAF001550A6 /* Example */ = {
			isa = PBXGroup;
			children = (
				1FCCF6852AD08DB0001550A6 /* Assets.xcassets */,
				1F169CE72AD0B678005F1DCA /* ContentView.swift */,
				1FCCF6812AD08DAF001550A6 /* ExampleApp.swift */,
				1FCCF69F2AD090AF001550A6 /* ExampleTarget.swift */,
				1FCCF6992AD08F2C001550A6 /* ExampleTargetMiddleware.swift */,
				1FCCF69B2AD08F47001550A6 /* FetchMode.swift */,
				1FCCF6832AD08DAF001550A6 /* GitHubOrganizationsView.swift */,
				1FCCF6952AD08EF6001550A6 /* GitHubOrganizationsViewModel.swift */,
				1F169CE92AD0B85B005F1DCA /* HTTPBinPOSTView.swift */,
				1F169CEB2AD0B93E005F1DCA /* HTTPBinPOSTViewModel.swift */,
				1FCCF6972AD08F17001550A6 /* Organization.swift */,
				1FCCF6872AD08DB0001550A6 /* Preview Content */,
			);
			path = Example;
			sourceTree = "<group>";
		};
		1FCCF6872AD08DB0001550A6 /* Preview Content */ = {
			isa = PBXGroup;
			children = (
				1FCCF6882AD08DB0001550A6 /* Preview Assets.xcassets */,
			);
			path = "Preview Content";
			sourceTree = "<group>";
		};
		1FCCF6922AD08EEB001550A6 /* Frameworks */ = {
			isa = PBXGroup;
			children = (
			);
			name = Frameworks;
			sourceTree = "<group>";
		};
/* End PBXGroup section */

/* Begin PBXNativeTarget section */
		1FCCF67D2AD08DAF001550A6 /* Example */ = {
			isa = PBXNativeTarget;
			buildConfigurationList = 1FCCF68C2AD08DB0001550A6 /* Build configuration list for PBXNativeTarget "Example" */;
			buildPhases = (
				1FCCF67A2AD08DAF001550A6 /* Sources */,
				1FCCF67B2AD08DAF001550A6 /* Frameworks */,
				1FCCF67C2AD08DAF001550A6 /* Resources */,
			);
			buildRules = (
			);
			dependencies = (
			);
			name = Example;
			packageProductDependencies = (
				1FCCF6932AD08EEB001550A6 /* SwiftAPIGate */,
			);
			productName = Example;
			productReference = 1FCCF67E2AD08DAF001550A6 /* Example.app */;
			productType = "com.apple.product-type.application";
		};
/* End PBXNativeTarget section */

/* Begin PBXProject section */
		1FCCF6762AD08DAF001550A6 /* Project object */ = {
			isa = PBXProject;
			attributes = {
				BuildIndependentTargetsInParallel = 1;
				LastSwiftUpdateCheck = 1500;
				LastUpgradeCheck = 1500;
				TargetAttributes = {
					1FCCF67D2AD08DAF001550A6 = {
						CreatedOnToolsVersion = 15.0;
					};
				};
			};
			buildConfigurationList = 1FCCF6792AD08DAF001550A6 /* Build configuration list for PBXProject "Example" */;
			compatibilityVersion = "Xcode 14.0";
			developmentRegion = en;
			hasScannedForEncodings = 0;
			knownRegions = (
				en,
				Base,
			);
			mainGroup = 1FCCF6752AD08DAF001550A6;
			productRefGroup = 1FCCF67F2AD08DAF001550A6 /* Products */;
			projectDirPath = "";
			projectRoot = "";
			targets = (
				1FCCF67D2AD08DAF001550A6 /* Example */,
			);
		};
/* End PBXProject section */

/* Begin PBXResourcesBuildPhase section */
		1FCCF67C2AD08DAF001550A6 /* Resources */ = {
			isa = PBXResourcesBuildPhase;
			buildActionMask = 2147483647;
			files = (
				1FCCF6892AD08DB0001550A6 /* Preview Assets.xcassets in Resources */,
				1FCCF6862AD08DB0001550A6 /* Assets.xcassets in Resources */,
			);
			runOnlyForDeploymentPostprocessing = 0;
		};
/* End PBXResourcesBuildPhase section */

/* Begin PBXSourcesBuildPhase section */
		1FCCF67A2AD08DAF001550A6 /* Sources */ = {
			isa = PBXSourcesBuildPhase;
			buildActionMask = 2147483647;
			files = (
				1FCCF6842AD08DAF001550A6 /* GitHubOrganizationsView.swift in Sources */,
				1FCCF6982AD08F17001550A6 /* Organization.swift in Sources */,
				1F169CE82AD0B678005F1DCA /* ContentView.swift in Sources */,
				1FCCF69C2AD08F47001550A6 /* FetchMode.swift in Sources */,
				1FCCF69A2AD08F2C001550A6 /* ExampleTargetMiddleware.swift in Sources */,
				1FCCF6962AD08EF6001550A6 /* GitHubOrganizationsViewModel.swift in Sources */,
				1F169CEA2AD0B85B005F1DCA /* HTTPBinPOSTView.swift in Sources */,
				1FCCF6822AD08DAF001550A6 /* ExampleApp.swift in Sources */,
				1F169CEC2AD0B93E005F1DCA /* HTTPBinPOSTViewModel.swift in Sources */,
				1FCCF6A02AD090AF001550A6 /* ExampleTarget.swift in Sources */,
			);
			runOnlyForDeploymentPostprocessing = 0;
		};
/* End PBXSourcesBuildPhase section */

/* Begin XCBuildConfiguration section */
		1FCCF68A2AD08DB0001550A6 /* Debug */ = {
			isa = XCBuildConfiguration;
			buildSettings = {
				ALWAYS_SEARCH_USER_PATHS = NO;
				ASSETCATALOG_COMPILER_GENERATE_SWIFT_ASSET_SYMBOL_EXTENSIONS = YES;
				CLANG_ANALYZER_NONNULL = YES;
				CLANG_ANALYZER_NUMBER_OBJECT_CONVERSION = YES_AGGRESSIVE;
				CLANG_CXX_LANGUAGE_STANDARD = "gnu++20";
				CLANG_ENABLE_MODULES = YES;
				CLANG_ENABLE_OBJC_ARC = YES;
				CLANG_ENABLE_OBJC_WEAK = YES;
				CLANG_WARN_BLOCK_CAPTURE_AUTORELEASING = YES;
				CLANG_WARN_BOOL_CONVERSION = YES;
				CLANG_WARN_COMMA = YES;
				CLANG_WARN_CONSTANT_CONVERSION = YES;
				CLANG_WARN_DEPRECATED_OBJC_IMPLEMENTATIONS = YES;
				CLANG_WARN_DIRECT_OBJC_ISA_USAGE = YES_ERROR;
				CLANG_WARN_DOCUMENTATION_COMMENTS = YES;
				CLANG_WARN_EMPTY_BODY = YES;
				CLANG_WARN_ENUM_CONVERSION = YES;
				CLANG_WARN_INFINITE_RECURSION = YES;
				CLANG_WARN_INT_CONVERSION = YES;
				CLANG_WARN_NON_LITERAL_NULL_CONVERSION = YES;
				CLANG_WARN_OBJC_IMPLICIT_RETAIN_SELF = YES;
				CLANG_WARN_OBJC_LITERAL_CONVERSION = YES;
				CLANG_WARN_OBJC_ROOT_CLASS = YES_ERROR;
				CLANG_WARN_QUOTED_INCLUDE_IN_FRAMEWORK_HEADER = YES;
				CLANG_WARN_RANGE_LOOP_ANALYSIS = YES;
				CLANG_WARN_STRICT_PROTOTYPES = YES;
				CLANG_WARN_SUSPICIOUS_MOVE = YES;
				CLANG_WARN_UNGUARDED_AVAILABILITY = YES_AGGRESSIVE;
				CLANG_WARN_UNREACHABLE_CODE = YES;
				CLANG_WARN__DUPLICATE_METHOD_MATCH = YES;
				COPY_PHASE_STRIP = NO;
				DEBUG_INFORMATION_FORMAT = dwarf;
				ENABLE_STRICT_OBJC_MSGSEND = YES;
				ENABLE_TESTABILITY = YES;
				ENABLE_USER_SCRIPT_SANDBOXING = YES;
				GCC_C_LANGUAGE_STANDARD = gnu17;
				GCC_DYNAMIC_NO_PIC = NO;
				GCC_NO_COMMON_BLOCKS = YES;
				GCC_OPTIMIZATION_LEVEL = 0;
				GCC_PREPROCESSOR_DEFINITIONS = (
					"DEBUG=1",
					"$(inherited)",
				);
				GCC_WARN_64_TO_32_BIT_CONVERSION = YES;
				GCC_WARN_ABOUT_RETURN_TYPE = YES_ERROR;
				GCC_WARN_UNDECLARED_SELECTOR = YES;
				GCC_WARN_UNINITIALIZED_AUTOS = YES_AGGRESSIVE;
				GCC_WARN_UNUSED_FUNCTION = YES;
				GCC_WARN_UNUSED_VARIABLE = YES;
				IPHONEOS_DEPLOYMENT_TARGET = 17.0;
				LOCALIZATION_PREFERS_STRING_CATALOGS = YES;
				MTL_ENABLE_DEBUG_INFO = INCLUDE_SOURCE;
				MTL_FAST_MATH = YES;
				ONLY_ACTIVE_ARCH = YES;
				SDKROOT = iphoneos;
				SWIFT_ACTIVE_COMPILATION_CONDITIONS = "DEBUG $(inherited)";
				SWIFT_OPTIMIZATION_LEVEL = "-Onone";
			};
			name = Debug;
		};
		1FCCF68B2AD08DB0001550A6 /* Release */ = {
			isa = XCBuildConfiguration;
			buildSettings = {
				ALWAYS_SEARCH_USER_PATHS = NO;
				ASSETCATALOG_COMPILER_GENERATE_SWIFT_ASSET_SYMBOL_EXTENSIONS = YES;
				CLANG_ANALYZER_NONNULL = YES;
				CLANG_ANALYZER_NUMBER_OBJECT_CONVERSION = YES_AGGRESSIVE;
				CLANG_CXX_LANGUAGE_STANDARD = "gnu++20";
				CLANG_ENABLE_MODULES = YES;
				CLANG_ENABLE_OBJC_ARC = YES;
				CLANG_ENABLE_OBJC_WEAK = YES;
				CLANG_WARN_BLOCK_CAPTURE_AUTORELEASING = YES;
				CLANG_WARN_BOOL_CONVERSION = YES;
				CLANG_WARN_COMMA = YES;
				CLANG_WARN_CONSTANT_CONVERSION = YES;
				CLANG_WARN_DEPRECATED_OBJC_IMPLEMENTATIONS = YES;
				CLANG_WARN_DIRECT_OBJC_ISA_USAGE = YES_ERROR;
				CLANG_WARN_DOCUMENTATION_COMMENTS = YES;
				CLANG_WARN_EMPTY_BODY = YES;
				CLANG_WARN_ENUM_CONVERSION = YES;
				CLANG_WARN_INFINITE_RECURSION = YES;
				CLANG_WARN_INT_CONVERSION = YES;
				CLANG_WARN_NON_LITERAL_NULL_CONVERSION = YES;
				CLANG_WARN_OBJC_IMPLICIT_RETAIN_SELF = YES;
				CLANG_WARN_OBJC_LITERAL_CONVERSION = YES;
				CLANG_WARN_OBJC_ROOT_CLASS = YES_ERROR;
				CLANG_WARN_QUOTED_INCLUDE_IN_FRAMEWORK_HEADER = YES;
				CLANG_WARN_RANGE_LOOP_ANALYSIS = YES;
				CLANG_WARN_STRICT_PROTOTYPES = YES;
				CLANG_WARN_SUSPICIOUS_MOVE = YES;
				CLANG_WARN_UNGUARDED_AVAILABILITY = YES_AGGRESSIVE;
				CLANG_WARN_UNREACHABLE_CODE = YES;
				CLANG_WARN__DUPLICATE_METHOD_MATCH = YES;
				COPY_PHASE_STRIP = NO;
				DEBUG_INFORMATION_FORMAT = "dwarf-with-dsym";
				ENABLE_NS_ASSERTIONS = NO;
				ENABLE_STRICT_OBJC_MSGSEND = YES;
				ENABLE_USER_SCRIPT_SANDBOXING = YES;
				GCC_C_LANGUAGE_STANDARD = gnu17;
				GCC_NO_COMMON_BLOCKS = YES;
				GCC_WARN_64_TO_32_BIT_CONVERSION = YES;
				GCC_WARN_ABOUT_RETURN_TYPE = YES_ERROR;
				GCC_WARN_UNDECLARED_SELECTOR = YES;
				GCC_WARN_UNINITIALIZED_AUTOS = YES_AGGRESSIVE;
				GCC_WARN_UNUSED_FUNCTION = YES;
				GCC_WARN_UNUSED_VARIABLE = YES;
				IPHONEOS_DEPLOYMENT_TARGET = 17.0;
				LOCALIZATION_PREFERS_STRING_CATALOGS = YES;
				MTL_ENABLE_DEBUG_INFO = NO;
				MTL_FAST_MATH = YES;
				SDKROOT = iphoneos;
				SWIFT_COMPILATION_MODE = wholemodule;
				VALIDATE_PRODUCT = YES;
			};
			name = Release;
		};
		1FCCF68D2AD08DB0001550A6 /* Debug */ = {
			isa = XCBuildConfiguration;
			buildSettings = {
				ASSETCATALOG_COMPILER_APPICON_NAME = AppIcon;
				ASSETCATALOG_COMPILER_GLOBAL_ACCENT_COLOR_NAME = AccentColor;
				CODE_SIGN_STYLE = Manual;
				CURRENT_PROJECT_VERSION = 1;
				DEVELOPMENT_ASSET_PATHS = "\"Example/Preview Content\"";
				DEVELOPMENT_TEAM = "";
				ENABLE_PREVIEWS = YES;
				GENERATE_INFOPLIST_FILE = YES;
				INFOPLIST_KEY_UIApplicationSceneManifest_Generation = YES;
				INFOPLIST_KEY_UIApplicationSupportsIndirectInputEvents = YES;
				INFOPLIST_KEY_UILaunchScreen_Generation = YES;
				INFOPLIST_KEY_UISupportedInterfaceOrientations_iPad = "UIInterfaceOrientationPortrait UIInterfaceOrientationPortraitUpsideDown UIInterfaceOrientationLandscapeLeft UIInterfaceOrientationLandscapeRight";
				INFOPLIST_KEY_UISupportedInterfaceOrientations_iPhone = "UIInterfaceOrientationPortrait UIInterfaceOrientationLandscapeLeft UIInterfaceOrientationLandscapeRight";
				LD_RUNPATH_SEARCH_PATHS = (
					"$(inherited)",
					"@executable_path/Frameworks",
				);
				MARKETING_VERSION = 1.0;
				PRODUCT_BUNDLE_IDENTIFIER = de.ugoarangino.SwiftApiGate.example;
				PRODUCT_NAME = "$(TARGET_NAME)";
				PROVISIONING_PROFILE_SPECIFIER = "";
				SWIFT_EMIT_LOC_STRINGS = YES;
				SWIFT_VERSION = 5.0;
				TARGETED_DEVICE_FAMILY = "1,2";
			};
			name = Debug;
		};
		1FCCF68E2AD08DB0001550A6 /* Release */ = {
			isa = XCBuildConfiguration;
			buildSettings = {
				ASSETCATALOG_COMPILER_APPICON_NAME = AppIcon;
				ASSETCATALOG_COMPILER_GLOBAL_ACCENT_COLOR_NAME = AccentColor;
				CODE_SIGN_STYLE = Manual;
				CURRENT_PROJECT_VERSION = 1;
				DEVELOPMENT_ASSET_PATHS = "\"Example/Preview Content\"";
				DEVELOPMENT_TEAM = "";
				ENABLE_PREVIEWS = YES;
				GENERATE_INFOPLIST_FILE = YES;
				INFOPLIST_KEY_UIApplicationSceneManifest_Generation = YES;
				INFOPLIST_KEY_UIApplicationSupportsIndirectInputEvents = YES;
				INFOPLIST_KEY_UILaunchScreen_Generation = YES;
				INFOPLIST_KEY_UISupportedInterfaceOrientations_iPad = "UIInterfaceOrientationPortrait UIInterfaceOrientationPortraitUpsideDown UIInterfaceOrientationLandscapeLeft UIInterfaceOrientationLandscapeRight";
				INFOPLIST_KEY_UISupportedInterfaceOrientations_iPhone = "UIInterfaceOrientationPortrait UIInterfaceOrientationLandscapeLeft UIInterfaceOrientationLandscapeRight";
				LD_RUNPATH_SEARCH_PATHS = (
					"$(inherited)",
					"@executable_path/Frameworks",
				);
				MARKETING_VERSION = 1.0;
				PRODUCT_BUNDLE_IDENTIFIER = de.ugoarangino.SwiftApiGate.example;
				PRODUCT_NAME = "$(TARGET_NAME)";
				PROVISIONING_PROFILE_SPECIFIER = "";
				SWIFT_EMIT_LOC_STRINGS = YES;
				SWIFT_VERSION = 5.0;
				TARGETED_DEVICE_FAMILY = "1,2";
			};
			name = Release;
		};
/* End XCBuildConfiguration section */

/* Begin XCConfigurationList section */
		1FCCF6792AD08DAF001550A6 /* Build configuration list for PBXProject "Example" */ = {
			isa = XCConfigurationList;
			buildConfigurations = (
				1FCCF68A2AD08DB0001550A6 /* Debug */,
				1FCCF68B2AD08DB0001550A6 /* Release */,
			);
			defaultConfigurationIsVisible = 0;
			defaultConfigurationName = Release;
		};
		1FCCF68C2AD08DB0001550A6 /* Build configuration list for PBXNativeTarget "Example" */ = {
			isa = XCConfigurationList;
			buildConfigurations = (
				1FCCF68D2AD08DB0001550A6 /* Debug */,
				1FCCF68E2AD08DB0001550A6 /* Release */,
			);
			defaultConfigurationIsVisible = 0;
			defaultConfigurationName = Release;
		};
/* End XCConfigurationList section */

/* Begin XCSwiftPackageProductDependency section */
		1FCCF6932AD08EEB001550A6 /* SwiftAPIGate */ = {
			isa = XCSwiftPackageProductDependency;
			productName = SwiftAPIGate;
		};
/* End XCSwiftPackageProductDependency section */
	};
	rootObject = 1FCCF6762AD08DAF001550A6 /* Project object */;
}
